
Microsoft Visual Studio Solution File, Format Version 12.00
# Visual Studio Version 18
VisualStudioVersion = 18.0.11012.119
MinimumVisualStudioVersion = 10.0.40219.1
Project("{9A19103F-16F7-4668-BE54-9A1E7A4F7556}") = "Spectre.Console.Rx", "Spectre.Console.Rx\Spectre.Console.Rx.csproj", "{43DC5A6B-B066-4CCF-90A8-680432C139D5}"
EndProject
Project("{9A19103F-16F7-4668-BE54-9A1E7A4F7556}") = "LiveExample", "LiveExample\LiveExample.csproj", "{3EBF3829-4483-48ED-AD1E-E057CC7DDFF0}"
EndProject
Project("{9A19103F-16F7-4668-BE54-9A1E7A4F7556}") = "ProgressExample", "ProgressExample\ProgressExample.csproj", "{D3195DF3-668F-4BF0-9020-22C6649924EF}"
EndProject
Project("{2150E333-8FDC-42A3-9474-1A3956D46DE8}") = "Examples", "Examples", "{E17E245C-D501-46B4-A804-A68241982088}"
EndProject
Project("{9A19103F-16F7-4668-BE54-9A1E7A4F7556}") = "LiveTableExample", "LiveTableExample\LiveTableExample.csproj", "{9B8D02EB-C0CB-42B1-B44C-74471D83A8C2}"
EndProject
Project("{9A19103F-16F7-4668-BE54-9A1E7A4F7556}") = "StatusExample", "StatusExample\StatusExample.csproj", "{51ACCE14-F44D-455B-A5E9-AEC71F7C6F61}"
EndProject
Project("{9A19103F-16F7-4668-BE54-9A1E7A4F7556}") = "ProgressThreadExample", "ProgressThreadExample\ProgressThreadExample.csproj", "{CB209C31-2CD2-4188-A088-18E68DF23788}"
EndProject
Project("{9A19103F-16F7-4668-BE54-9A1E7A4F7556}") = "_build", "..\build\_build.csproj", "{15A30A6D-9A94-4A7C-A74B-D7A9CB36C216}"
EndProject
Project("{9A19103F-16F7-4668-BE54-9A1E7A4F7556}") = "CombinedExample", "CombinedExample\CombinedExample.csproj", "{00E6E161-7DD9-49BB-AEDC-FFFD0447368E}"
EndProject
Project("{9A19103F-16F7-4668-BE54-9A1E7A4F7556}") = "UsingSpectreConsole", "UsingSpectreConsole\UsingSpectreConsole.csproj", "{57204D65-A88B-4065-B690-F9CC6334EDEE}"
EndProject
Project("{9A19103F-16F7-4668-BE54-9A1E7A4F7556}") = "Using.Spectre.Console.Rx.Tests", "Tests\Using.Spectre.Console.Rx.Tests.csproj", "{4DF93391-F7EA-4E36-8992-113387F4614A}"
EndProject
Project("{9A19103F-16F7-4668-BE54-9A1E7A4F7556}") = "Spectre.Console.Rx.Json", "Spectre.Console.Rx.Json\Spectre.Console.Rx.Json.csproj", "{D912E5E0-6701-4933-8D22-BD9681BCA71E}"
EndProject
Project("{9A19103F-16F7-4668-BE54-9A1E7A4F7556}") = "Spectre.Console.Rx.Testing", "Spectre.Console.Rx.Testing\Spectre.Console.Rx.Testing.csproj", "{2887DDD5-2622-487E-9378-C2539DC31C66}"
EndProject
Project("{FAE04EC0-301F-11D3-BF4B-00C04F79EFBC}") = "BenchmarkSuite1", "BenchmarkSuite1\BenchmarkSuite1.csproj", "{A20861A9-411E-6150-BF5C-69E8196E5D22}"
EndProject
Global
	GlobalSection(SolutionConfigurationPlatforms) = preSolution
		Debug|Any CPU = Debug|Any CPU
		Release|Any CPU = Release|Any CPU
	EndGlobalSection
	GlobalSection(ProjectConfigurationPlatforms) = postSolution
		{43DC5A6B-B066-4CCF-90A8-680432C139D5}.Debug|Any CPU.ActiveCfg = Debug|Any CPU
		{43DC5A6B-B066-4CCF-90A8-680432C139D5}.Debug|Any CPU.Build.0 = Debug|Any CPU
		{43DC5A6B-B066-4CCF-90A8-680432C139D5}.Release|Any CPU.ActiveCfg = Release|Any CPU
		{43DC5A6B-B066-4CCF-90A8-680432C139D5}.Release|Any CPU.Build.0 = Release|Any CPU
		{3EBF3829-4483-48ED-AD1E-E057CC7DDFF0}.Debug|Any CPU.ActiveCfg = Debug|Any CPU
		{3EBF3829-4483-48ED-AD1E-E057CC7DDFF0}.Debug|Any CPU.Build.0 = Debug|Any CPU
		{3EBF3829-4483-48ED-AD1E-E057CC7DDFF0}.Release|Any CPU.ActiveCfg = Release|Any CPU
		{3EBF3829-4483-48ED-AD1E-E057CC7DDFF0}.Release|Any CPU.Build.0 = Release|Any CPU
		{D3195DF3-668F-4BF0-9020-22C6649924EF}.Debug|Any CPU.ActiveCfg = Debug|Any CPU
		{D3195DF3-668F-4BF0-9020-22C6649924EF}.Debug|Any CPU.Build.0 = Debug|Any CPU
		{D3195DF3-668F-4BF0-9020-22C6649924EF}.Release|Any CPU.ActiveCfg = Release|Any CPU
		{D3195DF3-668F-4BF0-9020-22C6649924EF}.Release|Any CPU.Build.0 = Release|Any CPU
		{9B8D02EB-C0CB-42B1-B44C-74471D83A8C2}.Debug|Any CPU.ActiveCfg = Debug|Any CPU
		{9B8D02EB-C0CB-42B1-B44C-74471D83A8C2}.Debug|Any CPU.Build.0 = Debug|Any CPU
		{9B8D02EB-C0CB-42B1-B44C-74471D83A8C2}.Release|Any CPU.ActiveCfg = Release|Any CPU
		{9B8D02EB-C0CB-42B1-B44C-74471D83A8C2}.Release|Any CPU.Build.0 = Release|Any CPU
		{51ACCE14-F44D-455B-A5E9-AEC71F7C6F61}.Debug|Any CPU.ActiveCfg = Debug|Any CPU
		{51ACCE14-F44D-455B-A5E9-AEC71F7C6F61}.Debug|Any CPU.Build.0 = Debug|Any CPU
		{51ACCE14-F44D-455B-A5E9-AEC71F7C6F61}.Release|Any CPU.ActiveCfg = Release|Any CPU
		{51ACCE14-F44D-455B-A5E9-AEC71F7C6F61}.Release|Any CPU.Build.0 = Release|Any CPU
		{CB209C31-2CD2-4188-A088-18E68DF23788}.Debug|Any CPU.ActiveCfg = Debug|Any CPU
		{CB209C31-2CD2-4188-A088-18E68DF23788}.Debug|Any CPU.Build.0 = Debug|Any CPU
		{CB209C31-2CD2-4188-A088-18E68DF23788}.Release|Any CPU.ActiveCfg = Release|Any CPU
		{CB209C31-2CD2-4188-A088-18E68DF23788}.Release|Any CPU.Build.0 = Release|Any CPU
		{15A30A6D-9A94-4A7C-A74B-D7A9CB36C216}.Debug|Any CPU.ActiveCfg = Debug|Any CPU
		{15A30A6D-9A94-4A7C-A74B-D7A9CB36C216}.Release|Any CPU.ActiveCfg = Release|Any CPU
		{00E6E161-7DD9-49BB-AEDC-FFFD0447368E}.Debug|Any CPU.ActiveCfg = Debug|Any CPU
		{00E6E161-7DD9-49BB-AEDC-FFFD0447368E}.Debug|Any CPU.Build.0 = Debug|Any CPU
		{00E6E161-7DD9-49BB-AEDC-FFFD0447368E}.Release|Any CPU.ActiveCfg = Release|Any CPU
		{00E6E161-7DD9-49BB-AEDC-FFFD0447368E}.Release|Any CPU.Build.0 = Release|Any CPU
		{57204D65-A88B-4065-B690-F9CC6334EDEE}.Debug|Any CPU.ActiveCfg = Debug|Any CPU
		{57204D65-A88B-4065-B690-F9CC6334EDEE}.Debug|Any CPU.Build.0 = Debug|Any CPU
		{57204D65-A88B-4065-B690-F9CC6334EDEE}.Release|Any CPU.ActiveCfg = Release|Any CPU
		{57204D65-A88B-4065-B690-F9CC6334EDEE}.Release|Any CPU.Build.0 = Release|Any CPU
		{4DF93391-F7EA-4E36-8992-113387F4614A}.Debug|Any CPU.ActiveCfg = Debug|Any CPU
		{4DF93391-F7EA-4E36-8992-113387F4614A}.Debug|Any CPU.Build.0 = Debug|Any CPU
		{4DF93391-F7EA-4E36-8992-113387F4614A}.Release|Any CPU.ActiveCfg = Release|Any CPU
		{4DF93391-F7EA-4E36-8992-113387F4614A}.Release|Any CPU.Build.0 = Release|Any CPU
		{D912E5E0-6701-4933-8D22-BD9681BCA71E}.Debug|Any CPU.ActiveCfg = Debug|Any CPU
		{D912E5E0-6701-4933-8D22-BD9681BCA71E}.Debug|Any CPU.Build.0 = Debug|Any CPU
		{D912E5E0-6701-4933-8D22-BD9681BCA71E}.Release|Any CPU.ActiveCfg = Release|Any CPU
		{D912E5E0-6701-4933-8D22-BD9681BCA71E}.Release|Any CPU.Build.0 = Release|Any CPU
		{2887DDD5-2622-487E-9378-C2539DC31C66}.Debug|Any CPU.ActiveCfg = Debug|Any CPU
		{2887DDD5-2622-487E-9378-C2539DC31C66}.Debug|Any CPU.Build.0 = Debug|Any CPU
		{2887DDD5-2622-487E-9378-C2539DC31C66}.Release|Any CPU.ActiveCfg = Release|Any CPU
		{2887DDD5-2622-487E-9378-C2539DC31C66}.Release|Any CPU.Build.0 = Release|Any CPU
		{A20861A9-411E-6150-BF5C-69E8196E5D22}.Debug|Any CPU.ActiveCfg = Debug|Any CPU
		{A20861A9-411E-6150-BF5C-69E8196E5D22}.Debug|Any CPU.Build.0 = Debug|Any CPU
		{A20861A9-411E-6150-BF5C-69E8196E5D22}.Release|Any CPU.ActiveCfg = Release|Any CPU
		{A20861A9-411E-6150-BF5C-69E8196E5D22}.Release|Any CPU.Build.0 = Release|Any CPU
	EndGlobalSection
	GlobalSection(SolutionProperties) = preSolution
		HideSolutionNode = FALSE
	EndGlobalSection
	GlobalSection(NestedProjects) = preSolution
		{3EBF3829-4483-48ED-AD1E-E057CC7DDFF0} = {E17E245C-D501-46B4-A804-A68241982088}
		{D3195DF3-668F-4BF0-9020-22C6649924EF} = {E17E245C-D501-46B4-A804-A68241982088}
		{9B8D02EB-C0CB-42B1-B44C-74471D83A8C2} = {E17E245C-D501-46B4-A804-A68241982088}
		{51ACCE14-F44D-455B-A5E9-AEC71F7C6F61} = {E17E245C-D501-46B4-A804-A68241982088}
		{CB209C31-2CD2-4188-A088-18E68DF23788} = {E17E245C-D501-46B4-A804-A68241982088}
		{00E6E161-7DD9-49BB-AEDC-FFFD0447368E} = {E17E245C-D501-46B4-A804-A68241982088}
		{57204D65-A88B-4065-B690-F9CC6334EDEE} = {E17E245C-D501-46B4-A804-A68241982088}
		{4DF93391-F7EA-4E36-8992-113387F4614A} = {E17E245C-D501-46B4-A804-A68241982088}
		{A20861A9-411E-6150-BF5C-69E8196E5D22} = {E17E245C-D501-46B4-A804-A68241982088}
	EndGlobalSection
	GlobalSection(ExtensibilityGlobals) = postSolution
		SolutionGuid = {2FADF055-54C6-4DE5-98D0-D6F352AB1EFA}
	EndGlobalSection
EndGlobal
